
Microsoft Visual Studio Solution File, Format Version 12.00
# Visual Studio Version 16
VisualStudioVersion = 16.0.30804.86
MinimumVisualStudioVersion = 10.0.40219.1
Project("{FAE04EC0-301F-11D3-BF4B-00C04F79EFBC}") = "CoreWebApp", "CoreWebApp\CoreWebApp.csproj", "{04CAED1E-1B08-4BA4-8E0E-EE3A6FDA94D7}"
EndProject
Global
	GlobalSection(SolutionConfigurationPlatforms) = preSolution
		Debug|Any CPU = Debug|Any CPU
		Release|Any CPU = Release|Any CPU
	EndGlobalSection
	GlobalSection(ProjectConfigurationPlatforms) = postSolution
		{04CAED1E-1B08-4BA4-8E0E-EE3A6FDA94D7}.Debug|Any CPU.ActiveCfg = Debug|Any CPU
		{04CAED1E-1B08-4BA4-8E0E-EE3A6FDA94D7}.Debug|Any CPU.Build.0 = Debug|Any CPU
		{04CAED1E-1B08-4BA4-8E0E-EE3A6FDA94D7}.Release|Any CPU.ActiveCfg = Release|Any CPU
		{04CAED1E-1B08-4BA4-8E0E-EE3A6FDA94D7}.Release|Any CPU.Build.0 = Release|Any CPU
	EndGlobalSection
	GlobalSection(SolutionProperties) = preSolution
		HideSolutionNode = FALSE
	EndGlobalSection
	GlobalSection(ExtensibilityGlobals) = postSolution
		SolutionGuid = {188E2309-CF1A-4AD1-8A96-DDCE50AD5359}
	EndGlobalSection
EndGlobal
